
Microsoft Visual Studio Solution File, Format Version 12.00
# Visual Studio Version 17
VisualStudioVersion = 17.2.32519.379
MinimumVisualStudioVersion = 10.0.40219.1
Project("{9A19103F-16F7-4668-BE54-9A1E7A4F7556}") = "M001", "M001\M001.csproj", "{7965ABB0-DE4B-4999-9446-651DCFFD93F7}"
EndProject
Project("{9A19103F-16F7-4668-BE54-9A1E7A4F7556}") = "M002", "M002\M002.csproj", "{BC684E31-5F0D-4866-A944-6BABA6150419}"
EndProject
Project("{9A19103F-16F7-4668-BE54-9A1E7A4F7556}") = "M003", "M003\M003.csproj", "{831FBE1C-CEE5-4477-98A0-FEDD5CA30FB0}"
EndProject
Project("{9A19103F-16F7-4668-BE54-9A1E7A4F7556}") = "M004", "M004\M004.csproj", "{9C0252DB-0974-485C-9A82-007A2AD1EF62}"
EndProject
Project("{9A19103F-16F7-4668-BE54-9A1E7A4F7556}") = "M005", "M005\M005.csproj", "{CEC21435-6D0A-4DE8-B82F-E7B92DA531A2}"
EndProject
Project("{9A19103F-16F7-4668-BE54-9A1E7A4F7556}") = "M006", "M006\M006.csproj", "{98709FEB-B76C-4170-9A2D-6945BCA4840B}"
EndProject
Project("{9A19103F-16F7-4668-BE54-9A1E7A4F7556}") = "M007", "M007\M007.csproj", "{7B52A715-E5CF-40F2-A680-BE0776416ADE}"
EndProject
Project("{9A19103F-16F7-4668-BE54-9A1E7A4F7556}") = "M008", "M008\M008.csproj", "{2CDC1AC6-40BF-4FC5-9589-963E1C7986D1}"
EndProject
Project("{9A19103F-16F7-4668-BE54-9A1E7A4F7556}") = "M009", "M009\M009.csproj", "{7412D261-CB2B-4FF2-996E-155A6562A1BC}"
EndProject
Project("{9A19103F-16F7-4668-BE54-9A1E7A4F7556}") = "M010", "M010\M010.csproj", "{2795ED4B-3212-4DCC-A777-4A6CD6F0E67A}"
EndProject
Project("{9A19103F-16F7-4668-BE54-9A1E7A4F7556}") = "M011", "M011\M011.csproj", "{CE705EE6-7240-4892-9B14-1BA3F5C989B1}"
EndProject
Project("{FAE04EC0-301F-11D3-BF4B-00C04F79EFBC}") = "M012", "M012\M012.csproj", "{6E6D7EE7-67C0-421B-9711-93DF7E9AA06E}"
EndProject
Project("{FAE04EC0-301F-11D3-BF4B-00C04F79EFBC}") = "M013", "M013\M013.csproj", "{31537FD6-80BE-45F6-B373-AB7B0B37B9AD}"
EndProject
Project("{FAE04EC0-301F-11D3-BF4B-00C04F79EFBC}") = "M013_Tests", "M013_Tests\M013_Tests.csproj", "{512C735A-4D4F-4BCC-B8EC-DB78F48A46FC}"
EndProject
Project("{FAE04EC0-301F-11D3-BF4B-00C04F79EFBC}") = "M014", "M014\M014.csproj", "{C00A3490-54AE-4B22-812D-85C6D5000FCF}"
EndProject
Project("{FAE04EC0-301F-11D3-BF4B-00C04F79EFBC}") = "M015", "M015\M015.csproj", "{58266EB2-38E6-422C-91B4-F9B496A96CB6}"
EndProject
Global
	GlobalSection(SolutionConfigurationPlatforms) = preSolution
		Debug|Any CPU = Debug|Any CPU
		Release|Any CPU = Release|Any CPU
	EndGlobalSection
	GlobalSection(ProjectConfigurationPlatforms) = postSolution
		{7965ABB0-DE4B-4999-9446-651DCFFD93F7}.Debug|Any CPU.ActiveCfg = Debug|Any CPU
		{7965ABB0-DE4B-4999-9446-651DCFFD93F7}.Debug|Any CPU.Build.0 = Debug|Any CPU
		{7965ABB0-DE4B-4999-9446-651DCFFD93F7}.Release|Any CPU.ActiveCfg = Release|Any CPU
		{7965ABB0-DE4B-4999-9446-651DCFFD93F7}.Release|Any CPU.Build.0 = Release|Any CPU
		{BC684E31-5F0D-4866-A944-6BABA6150419}.Debug|Any CPU.ActiveCfg = Debug|Any CPU
		{BC684E31-5F0D-4866-A944-6BABA6150419}.Debug|Any CPU.Build.0 = Debug|Any CPU
		{BC684E31-5F0D-4866-A944-6BABA6150419}.Release|Any CPU.ActiveCfg = Release|Any CPU
		{BC684E31-5F0D-4866-A944-6BABA6150419}.Release|Any CPU.Build.0 = Release|Any CPU
		{831FBE1C-CEE5-4477-98A0-FEDD5CA30FB0}.Debug|Any CPU.ActiveCfg = Debug|Any CPU
		{831FBE1C-CEE5-4477-98A0-FEDD5CA30FB0}.Debug|Any CPU.Build.0 = Debug|Any CPU
		{831FBE1C-CEE5-4477-98A0-FEDD5CA30FB0}.Release|Any CPU.ActiveCfg = Release|Any CPU
		{831FBE1C-CEE5-4477-98A0-FEDD5CA30FB0}.Release|Any CPU.Build.0 = Release|Any CPU
		{9C0252DB-0974-485C-9A82-007A2AD1EF62}.Debug|Any CPU.ActiveCfg = Debug|Any CPU
		{9C0252DB-0974-485C-9A82-007A2AD1EF62}.Debug|Any CPU.Build.0 = Debug|Any CPU
		{9C0252DB-0974-485C-9A82-007A2AD1EF62}.Release|Any CPU.ActiveCfg = Release|Any CPU
		{9C0252DB-0974-485C-9A82-007A2AD1EF62}.Release|Any CPU.Build.0 = Release|Any CPU
		{CEC21435-6D0A-4DE8-B82F-E7B92DA531A2}.Debug|Any CPU.ActiveCfg = Debug|Any CPU
		{CEC21435-6D0A-4DE8-B82F-E7B92DA531A2}.Debug|Any CPU.Build.0 = Debug|Any CPU
		{CEC21435-6D0A-4DE8-B82F-E7B92DA531A2}.Release|Any CPU.ActiveCfg = Release|Any CPU
		{CEC21435-6D0A-4DE8-B82F-E7B92DA531A2}.Release|Any CPU.Build.0 = Release|Any CPU
		{98709FEB-B76C-4170-9A2D-6945BCA4840B}.Debug|Any CPU.ActiveCfg = Debug|Any CPU
		{98709FEB-B76C-4170-9A2D-6945BCA4840B}.Debug|Any CPU.Build.0 = Debug|Any CPU
		{98709FEB-B76C-4170-9A2D-6945BCA4840B}.Release|Any CPU.ActiveCfg = Release|Any CPU
		{98709FEB-B76C-4170-9A2D-6945BCA4840B}.Release|Any CPU.Build.0 = Release|Any CPU
		{7B52A715-E5CF-40F2-A680-BE0776416ADE}.Debug|Any CPU.ActiveCfg = Debug|Any CPU
		{7B52A715-E5CF-40F2-A680-BE0776416ADE}.Debug|Any CPU.Build.0 = Debug|Any CPU
		{7B52A715-E5CF-40F2-A680-BE0776416ADE}.Release|Any CPU.ActiveCfg = Release|Any CPU
		{7B52A715-E5CF-40F2-A680-BE0776416ADE}.Release|Any CPU.Build.0 = Release|Any CPU
		{2CDC1AC6-40BF-4FC5-9589-963E1C7986D1}.Debug|Any CPU.ActiveCfg = Debug|Any CPU
		{2CDC1AC6-40BF-4FC5-9589-963E1C7986D1}.Debug|Any CPU.Build.0 = Debug|Any CPU
		{2CDC1AC6-40BF-4FC5-9589-963E1C7986D1}.Release|Any CPU.ActiveCfg = Release|Any CPU
		{2CDC1AC6-40BF-4FC5-9589-963E1C7986D1}.Release|Any CPU.Build.0 = Release|Any CPU
		{7412D261-CB2B-4FF2-996E-155A6562A1BC}.Debug|Any CPU.ActiveCfg = Debug|Any CPU
		{7412D261-CB2B-4FF2-996E-155A6562A1BC}.Debug|Any CPU.Build.0 = Debug|Any CPU
		{7412D261-CB2B-4FF2-996E-155A6562A1BC}.Release|Any CPU.ActiveCfg = Release|Any CPU
		{7412D261-CB2B-4FF2-996E-155A6562A1BC}.Release|Any CPU.Build.0 = Release|Any CPU
		{2795ED4B-3212-4DCC-A777-4A6CD6F0E67A}.Debug|Any CPU.ActiveCfg = Debug|Any CPU
		{2795ED4B-3212-4DCC-A777-4A6CD6F0E67A}.Debug|Any CPU.Build.0 = Debug|Any CPU
		{2795ED4B-3212-4DCC-A777-4A6CD6F0E67A}.Release|Any CPU.ActiveCfg = Release|Any CPU
		{2795ED4B-3212-4DCC-A777-4A6CD6F0E67A}.Release|Any CPU.Build.0 = Release|Any CPU
		{CE705EE6-7240-4892-9B14-1BA3F5C989B1}.Debug|Any CPU.ActiveCfg = Debug|Any CPU
		{CE705EE6-7240-4892-9B14-1BA3F5C989B1}.Debug|Any CPU.Build.0 = Debug|Any CPU
		{CE705EE6-7240-4892-9B14-1BA3F5C989B1}.Release|Any CPU.ActiveCfg = Release|Any CPU
		{CE705EE6-7240-4892-9B14-1BA3F5C989B1}.Release|Any CPU.Build.0 = Release|Any CPU
		{6E6D7EE7-67C0-421B-9711-93DF7E9AA06E}.Debug|Any CPU.ActiveCfg = Debug|Any CPU
		{6E6D7EE7-67C0-421B-9711-93DF7E9AA06E}.Debug|Any CPU.Build.0 = Debug|Any CPU
		{6E6D7EE7-67C0-421B-9711-93DF7E9AA06E}.Release|Any CPU.ActiveCfg = Release|Any CPU
		{6E6D7EE7-67C0-421B-9711-93DF7E9AA06E}.Release|Any CPU.Build.0 = Release|Any CPU
		{31537FD6-80BE-45F6-B373-AB7B0B37B9AD}.Debug|Any CPU.ActiveCfg = Debug|Any CPU
		{31537FD6-80BE-45F6-B373-AB7B0B37B9AD}.Debug|Any CPU.Build.0 = Debug|Any CPU
		{31537FD6-80BE-45F6-B373-AB7B0B37B9AD}.Release|Any CPU.ActiveCfg = Release|Any CPU
		{31537FD6-80BE-45F6-B373-AB7B0B37B9AD}.Release|Any CPU.Build.0 = Release|Any CPU
		{512C735A-4D4F-4BCC-B8EC-DB78F48A46FC}.Debug|Any CPU.ActiveCfg = Debug|Any CPU
		{512C735A-4D4F-4BCC-B8EC-DB78F48A46FC}.Debug|Any CPU.Build.0 = Debug|Any CPU
		{512C735A-4D4F-4BCC-B8EC-DB78F48A46FC}.Release|Any CPU.ActiveCfg = Release|Any CPU
		{512C735A-4D4F-4BCC-B8EC-DB78F48A46FC}.Release|Any CPU.Build.0 = Release|Any CPU
		{C00A3490-54AE-4B22-812D-85C6D5000FCF}.Debug|Any CPU.ActiveCfg = Debug|Any CPU
		{C00A3490-54AE-4B22-812D-85C6D5000FCF}.Debug|Any CPU.Build.0 = Debug|Any CPU
		{C00A3490-54AE-4B22-812D-85C6D5000FCF}.Release|Any CPU.ActiveCfg = Release|Any CPU
		{C00A3490-54AE-4B22-812D-85C6D5000FCF}.Release|Any CPU.Build.0 = Release|Any CPU
		{58266EB2-38E6-422C-91B4-F9B496A96CB6}.Debug|Any CPU.ActiveCfg = Debug|Any CPU
		{58266EB2-38E6-422C-91B4-F9B496A96CB6}.Debug|Any CPU.Build.0 = Debug|Any CPU
		{58266EB2-38E6-422C-91B4-F9B496A96CB6}.Release|Any CPU.ActiveCfg = Release|Any CPU
		{58266EB2-38E6-422C-91B4-F9B496A96CB6}.Release|Any CPU.Build.0 = Release|Any CPU
	EndGlobalSection
	GlobalSection(SolutionProperties) = preSolution
		HideSolutionNode = FALSE
	EndGlobalSection
	GlobalSection(ExtensibilityGlobals) = postSolution
		SolutionGuid = {E12A5898-FA3D-420E-B835-D7CF8A977E4D}
	EndGlobalSection
EndGlobal
